
Microsoft Visual Studio Solution File, Format Version 12.00
# Visual Studio Version 16
VisualStudioVersion = 16.0.31025.194
MinimumVisualStudioVersion = 10.0.40219.1
Project("{FAE04EC0-301F-11D3-BF4B-00C04F79EFBC}") = "product-prediction", "product-prediction\product-prediction.csproj", "{613BD821-CEB5-460B-9777-F7944C6D9274}"
EndProject
Global
	GlobalSection(SolutionConfigurationPlatforms) = preSolution
		Debug|Any CPU = Debug|Any CPU
		Release|Any CPU = Release|Any CPU
	EndGlobalSection
	GlobalSection(ProjectConfigurationPlatforms) = postSolution
		{613BD821-CEB5-460B-9777-F7944C6D9274}.Debug|Any CPU.ActiveCfg = Debug|Any CPU
		{613BD821-CEB5-460B-9777-F7944C6D9274}.Debug|Any CPU.Build.0 = Debug|Any CPU
		{613BD821-CEB5-460B-9777-F7944C6D9274}.Release|Any CPU.ActiveCfg = Release|Any CPU
		{613BD821-CEB5-460B-9777-F7944C6D9274}.Release|Any CPU.Build.0 = Release|Any CPU
	EndGlobalSection
	GlobalSection(SolutionProperties) = preSolution
		HideSolutionNode = FALSE
	EndGlobalSection
	GlobalSection(ExtensibilityGlobals) = postSolution
		SolutionGuid = {F2E3CE1B-FA8F-4D55-9C94-7219EC59D42E}
	EndGlobalSection
EndGlobal
